
Microsoft Visual Studio Solution File, Format Version 12.00
# Visual Studio Version 17
VisualStudioVersion = 17.7.34221.43
MinimumVisualStudioVersion = 10.0.40219.1
Project("{FAE04EC0-301F-11D3-BF4B-00C04F79EFBC}") = "Gitapp", "Gitapp\Gitapp.csproj", "{C0C3E706-C956-4093-A508-D41F7C0E5753}"
EndProject
Global
	GlobalSection(SolutionConfigurationPlatforms) = preSolution
		Debug|Any CPU = Debug|Any CPU
		Release|Any CPU = Release|Any CPU
	EndGlobalSection
	GlobalSection(ProjectConfigurationPlatforms) = postSolution
		{C0C3E706-C956-4093-A508-D41F7C0E5753}.Debug|Any CPU.ActiveCfg = Debug|Any CPU
		{C0C3E706-C956-4093-A508-D41F7C0E5753}.Debug|Any CPU.Build.0 = Debug|Any CPU
		{C0C3E706-C956-4093-A508-D41F7C0E5753}.Release|Any CPU.ActiveCfg = Release|Any CPU
		{C0C3E706-C956-4093-A508-D41F7C0E5753}.Release|Any CPU.Build.0 = Release|Any CPU
	EndGlobalSection
	GlobalSection(SolutionProperties) = preSolution
		HideSolutionNode = FALSE
	EndGlobalSection
	GlobalSection(ExtensibilityGlobals) = postSolution
		SolutionGuid = {2CD407BD-96F7-40A1-9A7B-6081192F0A3C}
	EndGlobalSection
EndGlobal
